
Microsoft Visual Studio Solution File, Format Version 12.00
# Visual Studio Version 17
VisualStudioVersion = 17.10.35122.118
MinimumVisualStudioVersion = 10.0.40219.1
Project("{FAE04EC0-301F-11D3-BF4B-00C04F79EFBC}") = "BridgePattern", "BridgePattern.csproj", "{193E5618-812C-48BE-AF0B-5945C23E590D}"
EndProject
Global
	GlobalSection(SolutionConfigurationPlatforms) = preSolution
		Debug|Any CPU = Debug|Any CPU
		Release|Any CPU = Release|Any CPU
	EndGlobalSection
	GlobalSection(ProjectConfigurationPlatforms) = postSolution
		{193E5618-812C-48BE-AF0B-5945C23E590D}.Debug|Any CPU.ActiveCfg = Debug|Any CPU
		{193E5618-812C-48BE-AF0B-5945C23E590D}.Debug|Any CPU.Build.0 = Debug|Any CPU
		{193E5618-812C-48BE-AF0B-5945C23E590D}.Release|Any CPU.ActiveCfg = Release|Any CPU
		{193E5618-812C-48BE-AF0B-5945C23E590D}.Release|Any CPU.Build.0 = Release|Any CPU
	EndGlobalSection
	GlobalSection(SolutionProperties) = preSolution
		HideSolutionNode = FALSE
	EndGlobalSection
	GlobalSection(ExtensibilityGlobals) = postSolution
		SolutionGuid = {80563616-558C-4F79-847F-A9647A96CDCD}
	EndGlobalSection
EndGlobal
